
Microsoft Visual Studio Solution File, Format Version 12.00
# Visual Studio Version 17
VisualStudioVersion = 17.13.35913.81
MinimumVisualStudioVersion = 10.0.40219.1
Project("{FAE04EC0-301F-11D3-BF4B-00C04F79EFBC}") = "Kollegeni", "Kollegeni\Kollegeni.csproj", "{BBEDE5E2-6025-4ED1-9DE6-69D939650653}"
EndProject
Project("{FAE04EC0-301F-11D3-BF4B-00C04F79EFBC}") = "UnitTests", "UnitTests\UnitTests.csproj", "{80018329-E150-40D8-9D49-D84333757D8F}"
EndProject
Global
	GlobalSection(SolutionConfigurationPlatforms) = preSolution
		Debug|Any CPU = Debug|Any CPU
		Release|Any CPU = Release|Any CPU
	EndGlobalSection
	GlobalSection(ProjectConfigurationPlatforms) = postSolution
		{BBEDE5E2-6025-4ED1-9DE6-69D939650653}.Debug|Any CPU.ActiveCfg = Debug|Any CPU
		{BBEDE5E2-6025-4ED1-9DE6-69D939650653}.Debug|Any CPU.Build.0 = Debug|Any CPU
		{BBEDE5E2-6025-4ED1-9DE6-69D939650653}.Release|Any CPU.ActiveCfg = Release|Any CPU
		{BBEDE5E2-6025-4ED1-9DE6-69D939650653}.Release|Any CPU.Build.0 = Release|Any CPU
		{80018329-E150-40D8-9D49-D84333757D8F}.Debug|Any CPU.ActiveCfg = Debug|Any CPU
		{80018329-E150-40D8-9D49-D84333757D8F}.Debug|Any CPU.Build.0 = Debug|Any CPU
		{80018329-E150-40D8-9D49-D84333757D8F}.Release|Any CPU.ActiveCfg = Release|Any CPU
		{80018329-E150-40D8-9D49-D84333757D8F}.Release|Any CPU.Build.0 = Release|Any CPU
	EndGlobalSection
	GlobalSection(SolutionProperties) = preSolution
		HideSolutionNode = FALSE
	EndGlobalSection
	GlobalSection(ExtensibilityGlobals) = postSolution
		SolutionGuid = {6886422A-6201-4A46-9D73-54107960E684}
	EndGlobalSection
EndGlobal
